
Microsoft Visual Studio Solution File, Format Version 12.00
Project("{FAE04EC0-301F-11D3-BF4B-00C04F79EFBC}") = "BllngBllng", "BllngBllng\BllngBllng.csproj", "{16BF7105-8C9A-4F1D-BB2D-01B663AF39BD}"
EndProject
Global
	GlobalSection(SolutionConfigurationPlatforms) = preSolution
		Debug|Any CPU = Debug|Any CPU
		Release|Any CPU = Release|Any CPU
	EndGlobalSection
	GlobalSection(ProjectConfigurationPlatforms) = postSolution
		{16BF7105-8C9A-4F1D-BB2D-01B663AF39BD}.Debug|Any CPU.ActiveCfg = Debug|Any CPU
		{16BF7105-8C9A-4F1D-BB2D-01B663AF39BD}.Debug|Any CPU.Build.0 = Debug|Any CPU
		{16BF7105-8C9A-4F1D-BB2D-01B663AF39BD}.Release|Any CPU.ActiveCfg = Release|Any CPU
		{16BF7105-8C9A-4F1D-BB2D-01B663AF39BD}.Release|Any CPU.Build.0 = Release|Any CPU
	EndGlobalSection
EndGlobal
